{
    "_readme": [
        "This file locks the dependencies of your project to a known state",
        "Read more about it at http://getcomposer.org/doc/01-basic-usage.md#composer-lock-the-lock-file",
        "This file is @generated automatically"
    ],
    "hash": "c9939c907e1cefa61f4299c7d1b651df",
    "packages": [
        {
            "name": "nickswalker/neueresume",
            "version": "1.2.2",
            "source": {
                "type": "git",
                "url": "https://github.com/nickswalker/neueresume.git",
                "reference": "b98abb949d5b48ebd1596dc73ca014ac57202739"
            },
            "dist": {
                "type": "zip",
                "url": "https://api.github.com/repos/nickswalker/neueresume/zipball/b98abb949d5b48ebd1596dc73ca014ac57202739",
                "reference": "b98abb949d5b48ebd1596dc73ca014ac57202739",
                "shasum": ""
            },
            "require": {
                "php": ">=5.3.0"
            },
            "type": "library",
            "autoload": {
                "psr-4": {
                    "Nickswalker\\NeueResume\\": "src/"
                }
            },
            "notification-url": "https://packagist.org/downloads/",
            "license": [
                "MIT"
            ],
            "authors": [
                {
                    "name": "Nick Walker",
                    "email": "nick@nickwalker.us",
                    "homepage": "http://nickwalker.us",
                    "role": "Creator"
                }
            ],
            "description": "Simple, powerful, XML based resume solution.",
            "homepage": "http://github.com/nickswalker/neueresume",
            "keywords": [
                "resume",
                "template",
                "theme",
                "xml"
            ],
            "time": "2014-08-01 00:00:00"
        }
    ],
    "packages-dev": [

    ],
    "aliases": [

    ],
    "minimum-stability": "stable",
    "stability-flags": [

    ],
    "platform": [

    ],
    "platform-dev": [

    ]
}
